# This file is autogenerated, do not edit; changes may be undone by the next 'dep ensure'.


[[projects]]
  name = "github.com/aws/aws-sdk-go-v2"
  packages = [
    "aws",
    "aws/awserr",
    "aws/defaults",
    "aws/ec2metadata",
    "aws/ec2rolecreds",
    "aws/endpointcreds",
    "aws/endpoints",
    "aws/external",
    "aws/signer/v4",
    "aws/stscreds",
    "internal/awsutil",
    "internal/sdk",
    "private/model/api",
    "private/protocol",
    "private/protocol/ec2query",
    "private/protocol/json",
    "private/protocol/json/jsonutil",
    "private/protocol/jsonrpc",
    "private/protocol/query",
    "private/protocol/query/queryutil",
    "private/protocol/rest",
    "private/protocol/restjson",
    "private/protocol/restxml",
    "private/protocol/xml",
    "private/protocol/xml/xmlutil",
    "private/util",
    "service/autoscaling",
    "service/cloudtrail",
    "service/cloudwatch",
    "service/cloudwatchlogs",
    "service/dynamodb",
    "service/ec2",
    "service/ecs",
    "service/elasticache",
    "service/elb",
    "service/elbv2",
    "service/iam",
    "service/lambda",
    "service/rds",
    "service/route53",
    "service/s3",
    "service/sns",
    "service/sqs",
    "service/sts"
  ]
  revision = "3383499f1024e86a3c68200f9bdc6759ee20eb70"
  version = "v2.0.0-preview.3"

[[projects]]
  name = "github.com/go-ini/ini"
  packages = ["."]
  revision = "ace140f73450505f33e8b8418216792275ae82a7"
  version = "v1.35.0"

[[projects]]
  name = "github.com/jmespath/go-jmespath"
  packages = ["."]
  revision = "0b12d6b5"

[[projects]]
  branch = "master"
  name = "golang.org/x/net"
  packages = [
    "html",
    "html/atom"
  ]
  revision = "61147c48b25b599e5b561d2e9c4f3e1ef489ca41"

[solve-meta]
  analyzer-name = "dep"
  analyzer-version = 1
  inputs-digest = "c927180ed959c648c81bae604e93ea6bfa6e0876a9cc71443fc2b534b5d0a0d9"
  solver-name = "gps-cdcl"
  solver-version = 1
